
Microsoft Visual Studio Solution File, Format Version 12.00
# Visual Studio Express 2013 for Windows Desktop
VisualStudioVersion = 12.0.30723.0
MinimumVisualStudioVersion = 10.0.40219.1
Project("{FAE04EC0-301F-11D3-BF4B-00C04F79EFBC}") = "MeetupWfIntro", "MeetupWfIntro\MeetupWfIntro.csproj", "{CF40BB63-4741-41F1-9461-FA9A7319AB6C}"
EndProject
Project("{FAE04EC0-301F-11D3-BF4B-00C04F79EFBC}") = "MeetupActivityLibrary", "MeetupActivityLibrary\MeetupActivityLibrary.csproj", "{9212F9E7-B12C-4FBA-AF4D-EA9B42A2AAFD}"
EndProject
Project("{2150E333-8FDC-42A3-9474-1A3956D46DE8}") = "Solution Items", "Solution Items", "{4B74A7A2-F3CC-42C9-99D8-994CCA4E0B06}"
	ProjectSection(SolutionItems) = preProject
		flowchart-workflow-designer.png = flowchart-workflow-designer.png
	EndProjectSection
EndProject
Global
	GlobalSection(SolutionConfigurationPlatforms) = preSolution
		Debug|Any CPU = Debug|Any CPU
		Release|Any CPU = Release|Any CPU
	EndGlobalSection
	GlobalSection(ProjectConfigurationPlatforms) = postSolution
		{CF40BB63-4741-41F1-9461-FA9A7319AB6C}.Debug|Any CPU.ActiveCfg = Debug|Any CPU
		{CF40BB63-4741-41F1-9461-FA9A7319AB6C}.Debug|Any CPU.Build.0 = Debug|Any CPU
		{CF40BB63-4741-41F1-9461-FA9A7319AB6C}.Release|Any CPU.ActiveCfg = Release|Any CPU
		{CF40BB63-4741-41F1-9461-FA9A7319AB6C}.Release|Any CPU.Build.0 = Release|Any CPU
		{9212F9E7-B12C-4FBA-AF4D-EA9B42A2AAFD}.Debug|Any CPU.ActiveCfg = Debug|Any CPU
		{9212F9E7-B12C-4FBA-AF4D-EA9B42A2AAFD}.Debug|Any CPU.Build.0 = Debug|Any CPU
		{9212F9E7-B12C-4FBA-AF4D-EA9B42A2AAFD}.Release|Any CPU.ActiveCfg = Release|Any CPU
		{9212F9E7-B12C-4FBA-AF4D-EA9B42A2AAFD}.Release|Any CPU.Build.0 = Release|Any CPU
	EndGlobalSection
	GlobalSection(SolutionProperties) = preSolution
		HideSolutionNode = FALSE
	EndGlobalSection
EndGlobal
